
Microsoft Visual Studio Solution File, Format Version 12.00
# Visual Studio Version 17
VisualStudioVersion = 17.14.36109.1 d17.14
MinimumVisualStudioVersion = 10.0.40219.1
Project("{FAE04EC0-301F-11D3-BF4B-00C04F79EFBC}") = "Classmapp2202141742", "Classmapp2202141742\Classmapp2202141742.csproj", "{A1022504-E565-4CB8-ABC0-63E30FABA846}"
EndProject
Global
	GlobalSection(SolutionConfigurationPlatforms) = preSolution
		Debug|Any CPU = Debug|Any CPU
		Release|Any CPU = Release|Any CPU
	EndGlobalSection
	GlobalSection(ProjectConfigurationPlatforms) = postSolution
		{A1022504-E565-4CB8-ABC0-63E30FABA846}.Debug|Any CPU.ActiveCfg = Debug|Any CPU
		{A1022504-E565-4CB8-ABC0-63E30FABA846}.Debug|Any CPU.Build.0 = Debug|Any CPU
		{A1022504-E565-4CB8-ABC0-63E30FABA846}.Release|Any CPU.ActiveCfg = Release|Any CPU
		{A1022504-E565-4CB8-ABC0-63E30FABA846}.Release|Any CPU.Build.0 = Release|Any CPU
	EndGlobalSection
	GlobalSection(SolutionProperties) = preSolution
		HideSolutionNode = FALSE
	EndGlobalSection
	GlobalSection(ExtensibilityGlobals) = postSolution
		SolutionGuid = {4E18AF1D-2F77-4BDA-A04B-3FA1A61E8F4A}
	EndGlobalSection
EndGlobal
